
Microsoft Visual Studio Solution File, Format Version 12.00
# Visual Studio Version 18
VisualStudioVersion = 18.5.11709.299 stable
MinimumVisualStudioVersion = 10.0.40219.1
Project("{FAE04EC0-301F-11D3-BF4B-00C04F79EFBC}") = "IessApp", "IessApp.csproj", "{48AA1C48-04B4-31A1-CE52-1BE410BFAE88}"
EndProject
Global
	GlobalSection(SolutionConfigurationPlatforms) = preSolution
		Debug|Any CPU = Debug|Any CPU
		Release|Any CPU = Release|Any CPU
	EndGlobalSection
	GlobalSection(ProjectConfigurationPlatforms) = postSolution
		{48AA1C48-04B4-31A1-CE52-1BE410BFAE88}.Debug|Any CPU.ActiveCfg = Debug|Any CPU
		{48AA1C48-04B4-31A1-CE52-1BE410BFAE88}.Debug|Any CPU.Build.0 = Debug|Any CPU
		{48AA1C48-04B4-31A1-CE52-1BE410BFAE88}.Release|Any CPU.ActiveCfg = Release|Any CPU
		{48AA1C48-04B4-31A1-CE52-1BE410BFAE88}.Release|Any CPU.Build.0 = Release|Any CPU
	EndGlobalSection
	GlobalSection(SolutionProperties) = preSolution
		HideSolutionNode = FALSE
	EndGlobalSection
	GlobalSection(ExtensibilityGlobals) = postSolution
		SolutionGuid = {F0CCA5A6-651D-4DE4-80F0-C347BEBFD2E5}
	EndGlobalSection
EndGlobal
